
Microsoft Visual Studio Solution File, Format Version 12.00
# Visual Studio 15
VisualStudioVersion = 15.0.27703.1
MinimumVisualStudioVersion = 10.0.40219.1
Project("{FAE04EC0-301F-11D3-BF4B-00C04F79EFBC}") = "ExquisiteImages", "ExquisiteImages\ExquisiteImages.csproj", "{D77E39C2-BE10-4F0D-9164-CDF8970D5E42}"
EndProject
Project("{FAE04EC0-301F-11D3-BF4B-00C04F79EFBC}") = "ExquisiteImagesApi", "ExquisiteImagesApi\ExquisiteImagesApi.csproj", "{A23C20A4-7D9E-4F1F-BF12-9F3BD44CBAD3}"
EndProject
Global
	GlobalSection(SolutionConfigurationPlatforms) = preSolution
		Debug|Any CPU = Debug|Any CPU
		Release|Any CPU = Release|Any CPU
	EndGlobalSection
	GlobalSection(ProjectConfigurationPlatforms) = postSolution
		{D77E39C2-BE10-4F0D-9164-CDF8970D5E42}.Debug|Any CPU.ActiveCfg = Debug|Any CPU
		{D77E39C2-BE10-4F0D-9164-CDF8970D5E42}.Debug|Any CPU.Build.0 = Debug|Any CPU
		{D77E39C2-BE10-4F0D-9164-CDF8970D5E42}.Release|Any CPU.ActiveCfg = Release|Any CPU
		{D77E39C2-BE10-4F0D-9164-CDF8970D5E42}.Release|Any CPU.Build.0 = Release|Any CPU
		{A23C20A4-7D9E-4F1F-BF12-9F3BD44CBAD3}.Debug|Any CPU.ActiveCfg = Debug|Any CPU
		{A23C20A4-7D9E-4F1F-BF12-9F3BD44CBAD3}.Debug|Any CPU.Build.0 = Debug|Any CPU
		{A23C20A4-7D9E-4F1F-BF12-9F3BD44CBAD3}.Release|Any CPU.ActiveCfg = Release|Any CPU
		{A23C20A4-7D9E-4F1F-BF12-9F3BD44CBAD3}.Release|Any CPU.Build.0 = Release|Any CPU
	EndGlobalSection
	GlobalSection(SolutionProperties) = preSolution
		HideSolutionNode = FALSE
	EndGlobalSection
	GlobalSection(ExtensibilityGlobals) = postSolution
		SolutionGuid = {4E7A801E-E536-46A8-8143-2120B521CA0A}
	EndGlobalSection
EndGlobal
